// !$*UTF8*$!
{
	archiveVersion = 1;
	classes = {
	};
	objectVersion = 46;
	objects = {

/* Begin PBXBuildFile section */
		B235D9D21E0CEA210017E93B /* pk.mp4 in Resources */ = {isa = PBXBuildFile; fileRef = B235D9D11E0CE8D00017E93B /* pk.mp4 */; };
		B235D9D51E0CF8BA0017E93B /* VideoPlayerViewController.m in Sources */ = {isa = PBXBuildFile; fileRef = B235D9D41E0CF8BA0017E93B /* VideoPlayerViewController.m */; };
		B24444A01E2377B300E7056E /* AudioPlayListTableViewController.m in Sources */ = {isa = PBXBuildFile; fileRef = B244449F1E2377B300E7056E /* AudioPlayListTableViewController.m */; };
		B2B669A01E0A888D00E5D665 /* main.m in Sources */ = {isa = PBXBuildFile; fileRef = B2B6699F1E0A888D00E5D665 /* main.m */; };
		B2B669A31E0A888D00E5D665 /* AppDelegate.m in Sources */ = {isa = PBXBuildFile; fileRef = B2B669A21E0A888D00E5D665 /* AppDelegate.m */; };
		B2B669A61E0A888E00E5D665 /* ViewController.m in Sources */ = {isa = PBXBuildFile; fileRef = B2B669A51E0A888E00E5D665 /* ViewController.m */; };
		B2B669A91E0A888E00E5D665 /* Main.storyboard in Resources */ = {isa = PBXBuildFile; fileRef = B2B669A71E0A888E00E5D665 /* Main.storyboard */; };
		B2B669AC1E0A888E00E5D665 /* VideoAudioPlayer.xcdatamodeld in Sources */ = {isa = PBXBuildFile; fileRef = B2B669AA1E0A888E00E5D665 /* VideoAudioPlayer.xcdatamodeld */; };
		B2B669AE1E0A888E00E5D665 /* Assets.xcassets in Resources */ = {isa = PBXBuildFile; fileRef = B2B669AD1E0A888E00E5D665 /* Assets.xcassets */; };
		B2B669B11E0A888E00E5D665 /* LaunchScreen.storyboard in Resources */ = {isa = PBXBuildFile; fileRef = B2B669AF1E0A888E00E5D665 /* LaunchScreen.storyboard */; };
		B2B669BC1E0A888E00E5D665 /* VideoAudioPlayerTests.m in Sources */ = {isa = PBXBuildFile; fileRef = B2B669BB1E0A888E00E5D665 /* VideoAudioPlayerTests.m */; };
		B2B669C71E0A888E00E5D665 /* VideoAudioPlayerUITests.m in Sources */ = {isa = PBXBuildFile; fileRef = B2B669C61E0A888E00E5D665 /* VideoAudioPlayerUITests.m */; };
		B2C48A461E0BFFF9002FECE8 /* song.mp3 in Resources */ = {isa = PBXBuildFile; fileRef = B2C48A451E0BFFF8002FECE8 /* song.mp3 */; };
		B2C48A491E0C004B002FECE8 /* AVFoundation.framework in Frameworks */ = {isa = PBXBuildFile; fileRef = B2C48A481E0C004B002FECE8 /* AVFoundation.framework */; };
		B2C48A4C1E0C0086002FECE8 /* AudioViewController.m in Sources */ = {isa = PBXBuildFile; fileRef = B2C48A4B1E0C0086002FECE8 /* AudioViewController.m */; };
		B2CF29591E24A979000785DC /* AudioStreamingVC.m in Sources */ = {isa = PBXBuildFile; fileRef = B2CF29581E24A979000785DC /* AudioStreamingVC.m */; };
		E8E10E6B1E1F98B4000C9EE1 /* AudioRecordViewController.m in Sources */ = {isa = PBXBuildFile; fileRef = E8E10E6A1E1F98B4000C9EE1 /* AudioRecordViewController.m */; };
/* End PBXBuildFile section */

/* Begin PBXContainerItemProxy section */
		B2B669B81E0A888E00E5D665 /* PBXContainerItemProxy */ = {
			isa = PBXContainerItemProxy;
			containerPortal = B2B669931E0A888D00E5D665 /* Project object */;
			proxyType = 1;
			remoteGlobalIDString = B2B6699A1E0A888D00E5D665;
			remoteInfo = VideoAudioPlayer;
		};
		B2B669C31E0A888E00E5D665 /* PBXContainerItemProxy */ = {
			isa = PBXContainerItemProxy;
			containerPortal = B2B669931E0A888D00E5D665 /* Project object */;
			proxyType = 1;
			remoteGlobalIDString = B2B6699A1E0A888D00E5D665;
			remoteInfo = VideoAudioPlayer;
		};
/* End PBXContainerItemProxy section */

/* Begin PBXFileReference section */
		B235D9D11E0CE8D00017E93B /* pk.mp4 */ = {isa = PBXFileReference; lastKnownFileType = file; path = pk.mp4; sourceTree = "<group>"; };
		B235D9D31E0CF8BA0017E93B /* VideoPlayerViewController.h */ = {isa = PBXFileReference; fileEncoding = 4; lastKnownFileType = sourcecode.c.h; path = VideoPlayerViewController.h; sourceTree = "<group>"; };
		B235D9D41E0CF8BA0017E93B /* VideoPlayerViewController.m */ = {isa = PBXFileReference; fileEncoding = 4; lastKnownFileType = sourcecode.c.objc; path = VideoPlayerViewController.m; sourceTree = "<group>"; };
		B244449E1E2377B300E7056E /* AudioPlayListTableViewController.h */ = {isa = PBXFileReference; fileEncoding = 4; lastKnownFileType = sourcecode.c.h; path = AudioPlayListTableViewController.h; sourceTree = "<group>"; };
		B244449F1E2377B300E7056E /* AudioPlayListTableViewController.m */ = {isa = PBXFileReference; fileEncoding = 4; lastKnownFileType = sourcecode.c.objc; path = AudioPlayListTableViewController.m; sourceTree = "<group>"; };
		B2B6699B1E0A888D00E5D665 /* VideoAudioPlayer.app */ = {isa = PBXFileReference; explicitFileType = wrapper.application; includeInIndex = 0; path = VideoAudioPlayer.app; sourceTree = BUILT_PRODUCTS_DIR; };
		B2B6699F1E0A888D00E5D665 /* main.m */ = {isa = PBXFileReference; lastKnownFileType = sourcecode.c.objc; path = main.m; sourceTree = "<group>"; };
		B2B669A11E0A888D00E5D665 /* AppDelegate.h */ = {isa = PBXFileReference; lastKnownFileType = sourcecode.c.h; path = AppDelegate.h; sourceTree = "<group>"; };
		B2B669A21E0A888D00E5D665 /* AppDelegate.m */ = {isa = PBXFileReference; lastKnownFileType = sourcecode.c.objc; path = AppDelegate.m; sourceTree = "<group>"; };
		B2B669A41E0A888D00E5D665 /* ViewController.h */ = {isa = PBXFileReference; lastKnownFileType = sourcecode.c.h; path = ViewController.h; sourceTree = "<group>"; };
		B2B669A51E0A888E00E5D665 /* ViewController.m */ = {isa = PBXFileReference; lastKnownFileType = sourcecode.c.objc; path = ViewController.m; sourceTree = "<group>"; };
		B2B669A81E0A888E00E5D665 /* Base */ = {isa = PBXFileReference; lastKnownFileType = file.storyboard; name = Base; path = Base.lproj/Main.storyboard; sourceTree = "<group>"; };
		B2B669AB1E0A888E00E5D665 /* VideoAudioPlayer.xcdatamodel */ = {isa = PBXFileReference; lastKnownFileType = wrapper.xcdatamodel; path = VideoAudioPlayer.xcdatamodel; sourceTree = "<group>"; };
		B2B669AD1E0A888E00E5D665 /* Assets.xcassets */ = {isa = PBXFileReference; lastKnownFileType = folder.assetcatalog; path = Assets.xcassets; sourceTree = "<group>"; };
		B2B669B01E0A888E00E5D665 /* Base */ = {isa = PBXFileReference; lastKnownFileType = file.storyboard; name = Base; path = Base.lproj/LaunchScreen.storyboard; sourceTree = "<group>"; };
		B2B669B21E0A888E00E5D665 /* Info.plist */ = {isa = PBXFileReference; lastKnownFileType = text.plist.xml; path = Info.plist; sourceTree = "<group>"; };
		B2B669B71E0A888E00E5D665 /* VideoAudioPlayerTests.xctest */ = {isa = PBXFileReference; explicitFileType = wrapper.cfbundle; includeInIndex = 0; path = VideoAudioPlayerTests.xctest; sourceTree = BUILT_PRODUCTS_DIR; };
		B2B669BB1E0A888E00E5D665 /* VideoAudioPlayerTests.m */ = {isa = PBXFileReference; lastKnownFileType = sourcecode.c.objc; path = VideoAudioPlayerTests.m; sourceTree = "<group>"; };
		B2B669BD1E0A888E00E5D665 /* Info.plist */ = {isa = PBXFileReference; lastKnownFileType = text.plist.xml; path = Info.plist; sourceTree = "<group>"; };
		B2B669C21E0A888E00E5D665 /* VideoAudioPlayerUITests.xctest */ = {isa = PBXFileReference; explicitFileType = wrapper.cfbundle; includeInIndex = 0; path = VideoAudioPlayerUITests.xctest; sourceTree = BUILT_PRODUCTS_DIR; };
		B2B669C61E0A888E00E5D665 /* VideoAudioPlayerUITests.m */ = {isa = PBXFileReference; lastKnownFileType = sourcecode.c.objc; path = VideoAudioPlayerUITests.m; sourceTree = "<group>"; };
		B2B669C81E0A888E00E5D665 /* Info.plist */ = {isa = PBXFileReference; lastKnownFileType = text.plist.xml; path = Info.plist; sourceTree = "<group>"; };
		B2C48A451E0BFFF8002FECE8 /* song.mp3 */ = {isa = PBXFileReference; lastKnownFileType = audio.mp3; path = song.mp3; sourceTree = "<group>"; };
		B2C48A481E0C004B002FECE8 /* AVFoundation.framework */ = {isa = PBXFileReference; lastKnownFileType = wrapper.framework; name = AVFoundation.framework; path = System/Library/Frameworks/AVFoundation.framework; sourceTree = SDKROOT; };
		B2C48A4A1E0C0086002FECE8 /* AudioViewController.h */ = {isa = PBXFileReference; fileEncoding = 4; lastKnownFileType = sourcecode.c.h; path = AudioViewController.h; sourceTree = "<group>"; };
		B2C48A4B1E0C0086002FECE8 /* AudioViewController.m */ = {isa = PBXFileReference; fileEncoding = 4; lastKnownFileType = sourcecode.c.objc; path = AudioViewController.m; sourceTree = "<group>"; };
		B2CF29571E24A979000785DC /* AudioStreamingVC.h */ = {isa = PBXFileReference; fileEncoding = 4; lastKnownFileType = sourcecode.c.h; path = AudioStreamingVC.h; sourceTree = "<group>"; };
		B2CF29581E24A979000785DC /* AudioStreamingVC.m */ = {isa = PBXFileReference; fileEncoding = 4; lastKnownFileType = sourcecode.c.objc; path = AudioStreamingVC.m; sourceTree = "<group>"; };
		E8E10E691E1F98B4000C9EE1 /* AudioRecordViewController.h */ = {isa = PBXFileReference; fileEncoding = 4; lastKnownFileType = sourcecode.c.h; path = AudioRecordViewController.h; sourceTree = "<group>"; };
		E8E10E6A1E1F98B4000C9EE1 /* AudioRecordViewController.m */ = {isa = PBXFileReference; fileEncoding = 4; lastKnownFileType = sourcecode.c.objc; path = AudioRecordViewController.m; sourceTree = "<group>"; };
/* End PBXFileReference section */

/* Begin PBXFrameworksBuildPhase section */
		B2B669981E0A888D00E5D665 /* Frameworks */ = {
			isa = PBXFrameworksBuildPhase;
			buildActionMask = 2147483647;
			files = (
				B2C48A491E0C004B002FECE8 /* AVFoundation.framework in Frameworks */,
			);
			runOnlyForDeploymentPostprocessing = 0;
		};
		B2B669B41E0A888E00E5D665 /* Frameworks */ = {
			isa = PBXFrameworksBuildPhase;
			buildActionMask = 2147483647;
			files = (
			);
			runOnlyForDeploymentPostprocessing = 0;
		};
		B2B669BF1E0A888E00E5D665 /* Frameworks */ = {
			isa = PBXFrameworksBuildPhase;
			buildActionMask = 2147483647;
			files = (
			);
			runOnlyForDeploymentPostprocessing = 0;
		};
/* End PBXFrameworksBuildPhase section */

/* Begin PBXGroup section */
		B2B669921E0A888C00E5D665 = {
			isa = PBXGroup;
			children = (
				B2B6699D1E0A888D00E5D665 /* VideoAudioPlayer */,
				B2B669BA1E0A888E00E5D665 /* VideoAudioPlayerTests */,
				B2B669C51E0A888E00E5D665 /* VideoAudioPlayerUITests */,
				B2B6699C1E0A888D00E5D665 /* Products */,
				B2C48A471E0C004B002FECE8 /* Frameworks */,
			);
			sourceTree = "<group>";
		};
		B2B6699C1E0A888D00E5D665 /* Products */ = {
			isa = PBXGroup;
			children = (
				B2B6699B1E0A888D00E5D665 /* VideoAudioPlayer.app */,
				B2B669B71E0A888E00E5D665 /* VideoAudioPlayerTests.xctest */,
				B2B669C21E0A888E00E5D665 /* VideoAudioPlayerUITests.xctest */,
			);
			name = Products;
			sourceTree = "<group>";
		};
		B2B6699D1E0A888D00E5D665 /* VideoAudioPlayer */ = {
			isa = PBXGroup;
			children = (
				B235D9D11E0CE8D00017E93B /* pk.mp4 */,
				B2C48A451E0BFFF8002FECE8 /* song.mp3 */,
				B2B669A11E0A888D00E5D665 /* AppDelegate.h */,
				B2B669A21E0A888D00E5D665 /* AppDelegate.m */,
				B2B669A41E0A888D00E5D665 /* ViewController.h */,
				B2B669A51E0A888E00E5D665 /* ViewController.m */,
				B2C48A4A1E0C0086002FECE8 /* AudioViewController.h */,
				B2C48A4B1E0C0086002FECE8 /* AudioViewController.m */,
				B2B669A71E0A888E00E5D665 /* Main.storyboard */,
				B2CF29571E24A979000785DC /* AudioStreamingVC.h */,
				B2CF29581E24A979000785DC /* AudioStreamingVC.m */,
				E8E10E691E1F98B4000C9EE1 /* AudioRecordViewController.h */,
				E8E10E6A1E1F98B4000C9EE1 /* AudioRecordViewController.m */,
				B244449E1E2377B300E7056E /* AudioPlayListTableViewController.h */,
				B244449F1E2377B300E7056E /* AudioPlayListTableViewController.m */,
				B235D9D31E0CF8BA0017E93B /* VideoPlayerViewController.h */,
				B235D9D41E0CF8BA0017E93B /* VideoPlayerViewController.m */,
				B2B669AD1E0A888E00E5D665 /* Assets.xcassets */,
				B2B669AF1E0A888E00E5D665 /* LaunchScreen.storyboard */,
				B2B669B21E0A888E00E5D665 /* Info.plist */,
				B2B669AA1E0A888E00E5D665 /* VideoAudioPlayer.xcdatamodeld */,
				B2B6699E1E0A888D00E5D665 /* Supporting Files */,
			);
			path = VideoAudioPlayer;
			sourceTree = "<group>";
		};
		B2B6699E1E0A888D00E5D665 /* Supporting Files */ = {
			isa = PBXGroup;
			children = (
				B2B6699F1E0A888D00E5D665 /* main.m */,
			);
			name = "Supporting Files";
			sourceTree = "<group>";
		};
		B2B669BA1E0A888E00E5D665 /* VideoAudioPlayerTests */ = {
			isa = PBXGroup;
			children = (
				B2B669BB1E0A888E00E5D665 /* VideoAudioPlayerTests.m */,
				B2B669BD1E0A888E00E5D665 /* Info.plist */,
			);
			path = VideoAudioPlayerTests;
			sourceTree = "<group>";
		};
		B2B669C51E0A888E00E5D665 /* VideoAudioPlayerUITests */ = {
			isa = PBXGroup;
			children = (
				B2B669C61E0A888E00E5D665 /* VideoAudioPlayerUITests.m */,
				B2B669C81E0A888E00E5D665 /* Info.plist */,
			);
			path = VideoAudioPlayerUITests;
			sourceTree = "<group>";
		};
		B2C48A471E0C004B002FECE8 /* Frameworks */ = {
			isa = PBXGroup;
			children = (
				B2C48A481E0C004B002FECE8 /* AVFoundation.framework */,
			);
			name = Frameworks;
			sourceTree = "<group>";
		};
/* End PBXGroup section */

/* Begin PBXNativeTarget section */
		B2B6699A1E0A888D00E5D665 /* VideoAudioPlayer */ = {
			isa = PBXNativeTarget;
			buildConfigurationList = B2B669CB1E0A888E00E5D665 /* Build configuration list for PBXNativeTarget "VideoAudioPlayer" */;
			buildPhases = (
				B2B669971E0A888D00E5D665 /* Sources */,
				B2B669981E0A888D00E5D665 /* Frameworks */,
				B2B669991E0A888D00E5D665 /* Resources */,
			);
			buildRules = (
			);
			dependencies = (
			);
			name = VideoAudioPlayer;
			productName = VideoAudioPlayer;
			productReference = B2B6699B1E0A888D00E5D665 /* VideoAudioPlayer.app */;
			productType = "com.apple.product-type.application";
		};
		B2B669B61E0A888E00E5D665 /* VideoAudioPlayerTests */ = {
			isa = PBXNativeTarget;
			buildConfigurationList = B2B669CE1E0A888E00E5D665 /* Build configuration list for PBXNativeTarget "VideoAudioPlayerTests" */;
			buildPhases = (
				B2B669B31E0A888E00E5D665 /* Sources */,
				B2B669B41E0A888E00E5D665 /* Frameworks */,
				B2B669B51E0A888E00E5D665 /* Resources */,
			);
			buildRules = (
			);
			dependencies = (
				B2B669B91E0A888E00E5D665 /* PBXTargetDependency */,
			);
			name = VideoAudioPlayerTests;
			productName = VideoAudioPlayerTests;
			productReference = B2B669B71E0A888E00E5D665 /* VideoAudioPlayerTests.xctest */;
			productType = "com.apple.product-type.bundle.unit-test";
		};
		B2B669C11E0A888E00E5D665 /* VideoAudioPlayerUITests */ = {
			isa = PBXNativeTarget;
			buildConfigurationList = B2B669D11E0A888E00E5D665 /* Build configuration list for PBXNativeTarget "VideoAudioPlayerUITests" */;
			buildPhases = (
				B2B669BE1E0A888E00E5D665 /* Sources */,
				B2B669BF1E0A888E00E5D665 /* Frameworks */,
				B2B669C01E0A888E00E5D665 /* Resources */,
			);
			buildRules = (
			);
			dependencies = (
				B2B669C41E0A888E00E5D665 /* PBXTargetDependency */,
			);
			name = VideoAudioPlayerUITests;
			productName = VideoAudioPlayerUITests;
			productReference = B2B669C21E0A888E00E5D665 /* VideoAudioPlayerUITests.xctest */;
			productType = "com.apple.product-type.bundle.ui-testing";
		};
/* End PBXNativeTarget section */

/* Begin PBXProject section */
		B2B669931E0A888D00E5D665 /* Project object */ = {
			isa = PBXProject;
			attributes = {
				LastUpgradeCheck = 0800;
				ORGANIZATIONNAME = dev;
				TargetAttributes = {
					B2B6699A1E0A888D00E5D665 = {
						CreatedOnToolsVersion = 8.0;
						DevelopmentTeam = 3QUCRBS8A9;
						ProvisioningStyle = Automatic;
						SystemCapabilities = {
							com.apple.BackgroundModes = {
								enabled = 1;
							};
						};
					};
					B2B669B61E0A888E00E5D665 = {
						CreatedOnToolsVersion = 8.0;
						DevelopmentTeam = 3QUCRBS8A9;
						ProvisioningStyle = Automatic;
						TestTargetID = B2B6699A1E0A888D00E5D665;
					};
					B2B669C11E0A888E00E5D665 = {
						CreatedOnToolsVersion = 8.0;
						DevelopmentTeam = 3QUCRBS8A9;
						ProvisioningStyle = Automatic;
						TestTargetID = B2B6699A1E0A888D00E5D665;
					};
				};
			};
			buildConfigurationList = B2B669961E0A888D00E5D665 /* Build configuration list for PBXProject "VideoAudioPlayer" */;
			compatibilityVersion = "Xcode 3.2";
			developmentRegion = English;
			hasScannedForEncodings = 0;
			knownRegions = (
				en,
				Base,
			);
			mainGroup = B2B669921E0A888C00E5D665;
			productRefGroup = B2B6699C1E0A888D00E5D665 /* Products */;
			projectDirPath = "";
			projectRoot = "";
			targets = (
				B2B6699A1E0A888D00E5D665 /* VideoAudioPlayer */,
				B2B669B61E0A888E00E5D665 /* VideoAudioPlayerTests */,
				B2B669C11E0A888E00E5D665 /* VideoAudioPlayerUITests */,
			);
		};
/* End PBXProject section */

/* Begin PBXResourcesBuildPhase section */
		B2B669991E0A888D00E5D665 /* Resources */ = {
			isa = PBXResourcesBuildPhase;
			buildActionMask = 2147483647;
			files = (
				B235D9D21E0CEA210017E93B /* pk.mp4 in Resources */,
				B2B669B11E0A888E00E5D665 /* LaunchScreen.storyboard in Resources */,
				B2C48A461E0BFFF9002FECE8 /* song.mp3 in Resources */,
				B2B669AE1E0A888E00E5D665 /* Assets.xcassets in Resources */,
				B2B669A91E0A888E00E5D665 /* Main.storyboard in Resources */,
			);
			runOnlyForDeploymentPostprocessing = 0;
		};
		B2B669B51E0A888E00E5D665 /* Resources */ = {
			isa = PBXResourcesBuildPhase;
			buildActionMask = 2147483647;
			files = (
			);
			runOnlyForDeploymentPostprocessing = 0;
		};
		B2B669C01E0A888E00E5D665 /* Resources */ = {
			isa = PBXResourcesBuildPhase;
			buildActionMask = 2147483647;
			files = (
			);
			runOnlyForDeploymentPostprocessing = 0;
		};
/* End PBXResourcesBuildPhase section */

/* Begin PBXSourcesBuildPhase section */
		B2B669971E0A888D00E5D665 /* Sources */ = {
			isa = PBXSourcesBuildPhase;
			buildActionMask = 2147483647;
			files = (
				B24444A01E2377B300E7056E /* AudioPlayListTableViewController.m in Sources */,
				B2CF29591E24A979000785DC /* AudioStreamingVC.m in Sources */,
				B2C48A4C1E0C0086002FECE8 /* AudioViewController.m in Sources */,
				B2B669A61E0A888E00E5D665 /* ViewController.m in Sources */,
				B2B669A31E0A888D00E5D665 /* AppDelegate.m in Sources */,
				B235D9D51E0CF8BA0017E93B /* VideoPlayerViewController.m in Sources */,
				B2B669A01E0A888D00E5D665 /* main.m in Sources */,
				E8E10E6B1E1F98B4000C9EE1 /* AudioRecordViewController.m in Sources */,
				B2B669AC1E0A888E00E5D665 /* VideoAudioPlayer.xcdatamodeld in Sources */,
			);
			runOnlyForDeploymentPostprocessing = 0;
		};
		B2B669B31E0A888E00E5D665 /* Sources */ = {
			isa = PBXSourcesBuildPhase;
			buildActionMask = 2147483647;
			files = (
				B2B669BC1E0A888E00E5D665 /* VideoAudioPlayerTests.m in Sources */,
			);
			runOnlyForDeploymentPostprocessing = 0;
		};
		B2B669BE1E0A888E00E5D665 /* Sources */ = {
			isa = PBXSourcesBuildPhase;
			buildActionMask = 2147483647;
			files = (
				B2B669C71E0A888E00E5D665 /* VideoAudioPlayerUITests.m in Sources */,
			);
			runOnlyForDeploymentPostprocessing = 0;
		};
/* End PBXSourcesBuildPhase section */

/* Begin PBXTargetDependency section */
		B2B669B91E0A888E00E5D665 /* PBXTargetDependency */ = {
			isa = PBXTargetDependency;
			target = B2B6699A1E0A888D00E5D665 /* VideoAudioPlayer */;
			targetProxy = B2B669B81E0A888E00E5D665 /* PBXContainerItemProxy */;
		};
		B2B669C41E0A888E00E5D665 /* PBXTargetDependency */ = {
			isa = PBXTargetDependency;
			target = B2B6699A1E0A888D00E5D665 /* VideoAudioPlayer */;
			targetProxy = B2B669C31E0A888E00E5D665 /* PBXContainerItemProxy */;
		};
/* End PBXTargetDependency section */

/* Begin PBXVariantGroup section */
		B2B669A71E0A888E00E5D665 /* Main.storyboard */ = {
			isa = PBXVariantGroup;
			children = (
				B2B669A81E0A888E00E5D665 /* Base */,
			);
			name = Main.storyboard;
			sourceTree = "<group>";
		};
		B2B669AF1E0A888E00E5D665 /* LaunchScreen.storyboard */ = {
			isa = PBXVariantGroup;
			children = (
				B2B669B01E0A888E00E5D665 /* Base */,
			);
			name = LaunchScreen.storyboard;
			sourceTree = "<group>";
		};
/* End PBXVariantGroup section */

/* Begin XCBuildConfiguration section */
		B2B669C91E0A888E00E5D665 /* Debug */ = {
			isa = XCBuildConfiguration;
			buildSettings = {
				ALWAYS_SEARCH_USER_PATHS = NO;
				CLANG_ANALYZER_NONNULL = YES;
				CLANG_CXX_LANGUAGE_STANDARD = "gnu++0x";
				CLANG_CXX_LIBRARY = "libc++";
				CLANG_ENABLE_MODULES = YES;
				CLANG_ENABLE_OBJC_ARC = YES;
				CLANG_WARN_BOOL_CONVERSION = YES;
				CLANG_WARN_CONSTANT_CONVERSION = YES;
				CLANG_WARN_DIRECT_OBJC_ISA_USAGE = YES_ERROR;
				CLANG_WARN_DOCUMENTATION_COMMENTS = YES;
				CLANG_WARN_EMPTY_BODY = YES;
				CLANG_WARN_ENUM_CONVERSION = YES;
				CLANG_WARN_INFINITE_RECURSION = YES;
				CLANG_WARN_INT_CONVERSION = YES;
				CLANG_WARN_OBJC_ROOT_CLASS = YES_ERROR;
				CLANG_WARN_SUSPICIOUS_MOVES = YES;
				CLANG_WARN_UNREACHABLE_CODE = YES;
				CLANG_WARN__DUPLICATE_METHOD_MATCH = YES;
				"CODE_SIGN_IDENTITY[sdk=iphoneos*]" = "iPhone Developer";
				COPY_PHASE_STRIP = NO;
				DEBUG_INFORMATION_FORMAT = dwarf;
				ENABLE_STRICT_OBJC_MSGSEND = YES;
				ENABLE_TESTABILITY = YES;
				GCC_C_LANGUAGE_STANDARD = gnu99;
				GCC_DYNAMIC_NO_PIC = NO;
				GCC_NO_COMMON_BLOCKS = YES;
				GCC_OPTIMIZATION_LEVEL = 0;
				GCC_PREPROCESSOR_DEFINITIONS = (
					"DEBUG=1",
					"$(inherited)",
				);
				GCC_WARN_64_TO_32_BIT_CONVERSION = YES;
				GCC_WARN_ABOUT_RETURN_TYPE = YES_ERROR;
				GCC_WARN_UNDECLARED_SELECTOR = YES;
				GCC_WARN_UNINITIALIZED_AUTOS = YES_AGGRESSIVE;
				GCC_WARN_UNUSED_FUNCTION = YES;
				GCC_WARN_UNUSED_VARIABLE = YES;
				IPHONEOS_DEPLOYMENT_TARGET = 9.0;
				MTL_ENABLE_DEBUG_INFO = YES;
				ONLY_ACTIVE_ARCH = YES;
				SDKROOT = iphoneos;
			};
			name = Debug;
		};
		B2B669CA1E0A888E00E5D665 /* Release */ = {
			isa = XCBuildConfiguration;
			buildSettings = {
				ALWAYS_SEARCH_USER_PATHS = NO;
				CLANG_ANALYZER_NONNULL = YES;
				CLANG_CXX_LANGUAGE_STANDARD = "gnu++0x";
				CLANG_CXX_LIBRARY = "libc++";
				CLANG_ENABLE_MODULES = YES;
				CLANG_ENABLE_OBJC_ARC = YES;
				CLANG_WARN_BOOL_CONVERSION = YES;
				CLANG_WARN_CONSTANT_CONVERSION = YES;
				CLANG_WARN_DIRECT_OBJC_ISA_USAGE = YES_ERROR;
				CLANG_WARN_DOCUMENTATION_COMMENTS = YES;
				CLANG_WARN_EMPTY_BODY = YES;
				CLANG_WARN_ENUM_CONVERSION = YES;
				CLANG_WARN_INFINITE_RECURSION = YES;
				CLANG_WARN_INT_CONVERSION = YES;
				CLANG_WARN_OBJC_ROOT_CLASS = YES_ERROR;
				CLANG_WARN_SUSPICIOUS_MOVES = YES;
				CLANG_WARN_UNREACHABLE_CODE = YES;
				CLANG_WARN__DUPLICATE_METHOD_MATCH = YES;
				"CODE_SIGN_IDENTITY[sdk=iphoneos*]" = "iPhone Developer";
				COPY_PHASE_STRIP = NO;
				DEBUG_INFORMATION_FORMAT = "dwarf-with-dsym";
				ENABLE_NS_ASSERTIONS = NO;
				ENABLE_STRICT_OBJC_MSGSEND = YES;
				GCC_C_LANGUAGE_STANDARD = gnu99;
				GCC_NO_COMMON_BLOCKS = YES;
				GCC_WARN_64_TO_32_BIT_CONVERSION = YES;
				GCC_WARN_ABOUT_RETURN_TYPE = YES_ERROR;
				GCC_WARN_UNDECLARED_SELECTOR = YES;
				GCC_WARN_UNINITIALIZED_AUTOS = YES_AGGRESSIVE;
				GCC_WARN_UNUSED_FUNCTION = YES;
				GCC_WARN_UNUSED_VARIABLE = YES;
				IPHONEOS_DEPLOYMENT_TARGET = 9.0;
				MTL_ENABLE_DEBUG_INFO = NO;
				SDKROOT = iphoneos;
				VALIDATE_PRODUCT = YES;
			};
			name = Release;
		};
		B2B669CC1E0A888E00E5D665 /* Debug */ = {
			isa = XCBuildConfiguration;
			buildSettings = {
				ASSETCATALOG_COMPILER_APPICON_NAME = AppIcon;
				DEVELOPMENT_TEAM = 3QUCRBS8A9;
				INFOPLIST_FILE = VideoAudioPlayer/Info.plist;
				LD_RUNPATH_SEARCH_PATHS = "$(inherited) @executable_path/Frameworks";
				PRODUCT_BUNDLE_IDENTIFIER = com.loginworks.VideoAudioPlayer;
				PRODUCT_NAME = "$(TARGET_NAME)";
			};
			name = Debug;
		};
		B2B669CD1E0A888E00E5D665 /* Release */ = {
			isa = XCBuildConfiguration;
			buildSettings = {
				ASSETCATALOG_COMPILER_APPICON_NAME = AppIcon;
				DEVELOPMENT_TEAM = 3QUCRBS8A9;
				INFOPLIST_FILE = VideoAudioPlayer/Info.plist;
				LD_RUNPATH_SEARCH_PATHS = "$(inherited) @executable_path/Frameworks";
				PRODUCT_BUNDLE_IDENTIFIER = com.loginworks.VideoAudioPlayer;
				PRODUCT_NAME = "$(TARGET_NAME)";
			};
			name = Release;
		};
		B2B669CF1E0A888E00E5D665 /* Debug */ = {
			isa = XCBuildConfiguration;
			buildSettings = {
				BUNDLE_LOADER = "$(TEST_HOST)";
				DEVELOPMENT_TEAM = 3QUCRBS8A9;
				INFOPLIST_FILE = VideoAudioPlayerTests/Info.plist;
				LD_RUNPATH_SEARCH_PATHS = "$(inherited) @executable_path/Frameworks @loader_path/Frameworks";
				PRODUCT_BUNDLE_IDENTIFIER = com.loginworks.VideoAudioPlayerTests;
				PRODUCT_NAME = "$(TARGET_NAME)";
				TEST_HOST = "$(BUILT_PRODUCTS_DIR)/VideoAudioPlayer.app/VideoAudioPlayer";
			};
			name = Debug;
		};
		B2B669D01E0A888E00E5D665 /* Release */ = {
			isa = XCBuildConfiguration;
			buildSettings = {
				BUNDLE_LOADER = "$(TEST_HOST)";
				DEVELOPMENT_TEAM = 3QUCRBS8A9;
				INFOPLIST_FILE = VideoAudioPlayerTests/Info.plist;
				LD_RUNPATH_SEARCH_PATHS = "$(inherited) @executable_path/Frameworks @loader_path/Frameworks";
				PRODUCT_BUNDLE_IDENTIFIER = com.loginworks.VideoAudioPlayerTests;
				PRODUCT_NAME = "$(TARGET_NAME)";
				TEST_HOST = "$(BUILT_PRODUCTS_DIR)/VideoAudioPlayer.app/VideoAudioPlayer";
			};
			name = Release;
		};
		B2B669D21E0A888E00E5D665 /* Debug */ = {
			isa = XCBuildConfiguration;
			buildSettings = {
				DEVELOPMENT_TEAM = 3QUCRBS8A9;
				INFOPLIST_FILE = VideoAudioPlayerUITests/Info.plist;
				LD_RUNPATH_SEARCH_PATHS = "$(inherited) @executable_path/Frameworks @loader_path/Frameworks";
				PRODUCT_BUNDLE_IDENTIFIER = com.loginworks.VideoAudioPlayerUITests;
				PRODUCT_NAME = "$(TARGET_NAME)";
				TEST_TARGET_NAME = VideoAudioPlayer;
			};
			name = Debug;
		};
		B2B669D31E0A888E00E5D665 /* Release */ = {
			isa = XCBuildConfiguration;
			buildSettings = {
				DEVELOPMENT_TEAM = 3QUCRBS8A9;
				INFOPLIST_FILE = VideoAudioPlayerUITests/Info.plist;
				LD_RUNPATH_SEARCH_PATHS = "$(inherited) @executable_path/Frameworks @loader_path/Frameworks";
				PRODUCT_BUNDLE_IDENTIFIER = com.loginworks.VideoAudioPlayerUITests;
				PRODUCT_NAME = "$(TARGET_NAME)";
				TEST_TARGET_NAME = VideoAudioPlayer;
			};
			name = Release;
		};
/* End XCBuildConfiguration section */

/* Begin XCConfigurationList section */
		B2B669961E0A888D00E5D665 /* Build configuration list for PBXProject "VideoAudioPlayer" */ = {
			isa = XCConfigurationList;
			buildConfigurations = (
				B2B669C91E0A888E00E5D665 /* Debug */,
				B2B669CA1E0A888E00E5D665 /* Release */,
			);
			defaultConfigurationIsVisible = 0;
			defaultConfigurationName = Release;
		};
		B2B669CB1E0A888E00E5D665 /* Build configuration list for PBXNativeTarget "VideoAudioPlayer" */ = {
			isa = XCConfigurationList;
			buildConfigurations = (
				B2B669CC1E0A888E00E5D665 /* Debug */,
				B2B669CD1E0A888E00E5D665 /* Release */,
			);
			defaultConfigurationIsVisible = 0;
			defaultConfigurationName = Release;
		};
		B2B669CE1E0A888E00E5D665 /* Build configuration list for PBXNativeTarget "VideoAudioPlayerTests" */ = {
			isa = XCConfigurationList;
			buildConfigurations = (
				B2B669CF1E0A888E00E5D665 /* Debug */,
				B2B669D01E0A888E00E5D665 /* Release */,
			);
			defaultConfigurationIsVisible = 0;
			defaultConfigurationName = Release;
		};
		B2B669D11E0A888E00E5D665 /* Build configuration list for PBXNativeTarget "VideoAudioPlayerUITests" */ = {
			isa = XCConfigurationList;
			buildConfigurations = (
				B2B669D21E0A888E00E5D665 /* Debug */,
				B2B669D31E0A888E00E5D665 /* Release */,
			);
			defaultConfigurationIsVisible = 0;
			defaultConfigurationName = Release;
		};
/* End XCConfigurationList section */

/* Begin XCVersionGroup section */
		B2B669AA1E0A888E00E5D665 /* VideoAudioPlayer.xcdatamodeld */ = {
			isa = XCVersionGroup;
			children = (
				B2B669AB1E0A888E00E5D665 /* VideoAudioPlayer.xcdatamodel */,
			);
			currentVersion = B2B669AB1E0A888E00E5D665 /* VideoAudioPlayer.xcdatamodel */;
			path = VideoAudioPlayer.xcdatamodeld;
			sourceTree = "<group>";
			versionGroupType = wrapper.xcdatamodel;
		};
/* End XCVersionGroup section */
	};
	rootObject = B2B669931E0A888D00E5D665 /* Project object */;
}
