// !$*UTF8*$!
{
	archiveVersion = 1;
	classes = {
	};
	objectVersion = 46;
	objects = {

/* Begin PBXBuildFile section */
		B2D54E791E02A65E0067550D /* main.m in Sources */ = {isa = PBXBuildFile; fileRef = B2D54E781E02A65E0067550D /* main.m */; };
		B2D54E7C1E02A65E0067550D /* AppDelegate.m in Sources */ = {isa = PBXBuildFile; fileRef = B2D54E7B1E02A65E0067550D /* AppDelegate.m */; };
		B2D54E7F1E02A65E0067550D /* ViewController.m in Sources */ = {isa = PBXBuildFile; fileRef = B2D54E7E1E02A65E0067550D /* ViewController.m */; };
		B2D54E821E02A65E0067550D /* Main.storyboard in Resources */ = {isa = PBXBuildFile; fileRef = B2D54E801E02A65E0067550D /* Main.storyboard */; };
		B2D54E851E02A65E0067550D /* HumburgerMenu.xcdatamodeld in Sources */ = {isa = PBXBuildFile; fileRef = B2D54E831E02A65E0067550D /* HumburgerMenu.xcdatamodeld */; };
		B2D54E871E02A65E0067550D /* Assets.xcassets in Resources */ = {isa = PBXBuildFile; fileRef = B2D54E861E02A65E0067550D /* Assets.xcassets */; };
		B2D54E8A1E02A65E0067550D /* LaunchScreen.storyboard in Resources */ = {isa = PBXBuildFile; fileRef = B2D54E881E02A65E0067550D /* LaunchScreen.storyboard */; };
		B2D54E951E02A65E0067550D /* HumburgerMenuTests.m in Sources */ = {isa = PBXBuildFile; fileRef = B2D54E941E02A65E0067550D /* HumburgerMenuTests.m */; };
		B2D54EA01E02A65E0067550D /* HumburgerMenuUITests.m in Sources */ = {isa = PBXBuildFile; fileRef = B2D54E9F1E02A65E0067550D /* HumburgerMenuUITests.m */; };
		B2D54EB01E02A6870067550D /* SWRevealViewController.m in Sources */ = {isa = PBXBuildFile; fileRef = B2D54EAF1E02A6870067550D /* SWRevealViewController.m */; };
		B2D54EB31E02A8FE0067550D /* DashboardViewController.m in Sources */ = {isa = PBXBuildFile; fileRef = B2D54EB21E02A8FE0067550D /* DashboardViewController.m */; };
		B2D54EB61E02AAEF0067550D /* ProfileViewController.m in Sources */ = {isa = PBXBuildFile; fileRef = B2D54EB51E02AAEF0067550D /* ProfileViewController.m */; };
/* End PBXBuildFile section */

/* Begin PBXContainerItemProxy section */
		B2D54E911E02A65E0067550D /* PBXContainerItemProxy */ = {
			isa = PBXContainerItemProxy;
			containerPortal = B2D54E6C1E02A65E0067550D /* Project object */;
			proxyType = 1;
			remoteGlobalIDString = B2D54E731E02A65E0067550D;
			remoteInfo = HumburgerMenu;
		};
		B2D54E9C1E02A65E0067550D /* PBXContainerItemProxy */ = {
			isa = PBXContainerItemProxy;
			containerPortal = B2D54E6C1E02A65E0067550D /* Project object */;
			proxyType = 1;
			remoteGlobalIDString = B2D54E731E02A65E0067550D;
			remoteInfo = HumburgerMenu;
		};
/* End PBXContainerItemProxy section */

/* Begin PBXFileReference section */
		B2D54E741E02A65E0067550D /* HumburgerMenu.app */ = {isa = PBXFileReference; explicitFileType = wrapper.application; includeInIndex = 0; path = HumburgerMenu.app; sourceTree = BUILT_PRODUCTS_DIR; };
		B2D54E781E02A65E0067550D /* main.m */ = {isa = PBXFileReference; lastKnownFileType = sourcecode.c.objc; path = main.m; sourceTree = "<group>"; };
		B2D54E7A1E02A65E0067550D /* AppDelegate.h */ = {isa = PBXFileReference; lastKnownFileType = sourcecode.c.h; path = AppDelegate.h; sourceTree = "<group>"; };
		B2D54E7B1E02A65E0067550D /* AppDelegate.m */ = {isa = PBXFileReference; lastKnownFileType = sourcecode.c.objc; path = AppDelegate.m; sourceTree = "<group>"; };
		B2D54E7D1E02A65E0067550D /* ViewController.h */ = {isa = PBXFileReference; lastKnownFileType = sourcecode.c.h; path = ViewController.h; sourceTree = "<group>"; };
		B2D54E7E1E02A65E0067550D /* ViewController.m */ = {isa = PBXFileReference; lastKnownFileType = sourcecode.c.objc; path = ViewController.m; sourceTree = "<group>"; };
		B2D54E811E02A65E0067550D /* Base */ = {isa = PBXFileReference; lastKnownFileType = file.storyboard; name = Base; path = Base.lproj/Main.storyboard; sourceTree = "<group>"; };
		B2D54E841E02A65E0067550D /* HumburgerMenu.xcdatamodel */ = {isa = PBXFileReference; lastKnownFileType = wrapper.xcdatamodel; path = HumburgerMenu.xcdatamodel; sourceTree = "<group>"; };
		B2D54E861E02A65E0067550D /* Assets.xcassets */ = {isa = PBXFileReference; lastKnownFileType = folder.assetcatalog; path = Assets.xcassets; sourceTree = "<group>"; };
		B2D54E891E02A65E0067550D /* Base */ = {isa = PBXFileReference; lastKnownFileType = file.storyboard; name = Base; path = Base.lproj/LaunchScreen.storyboard; sourceTree = "<group>"; };
		B2D54E8B1E02A65E0067550D /* Info.plist */ = {isa = PBXFileReference; lastKnownFileType = text.plist.xml; path = Info.plist; sourceTree = "<group>"; };
		B2D54E901E02A65E0067550D /* HumburgerMenuTests.xctest */ = {isa = PBXFileReference; explicitFileType = wrapper.cfbundle; includeInIndex = 0; path = HumburgerMenuTests.xctest; sourceTree = BUILT_PRODUCTS_DIR; };
		B2D54E941E02A65E0067550D /* HumburgerMenuTests.m */ = {isa = PBXFileReference; lastKnownFileType = sourcecode.c.objc; path = HumburgerMenuTests.m; sourceTree = "<group>"; };
		B2D54E961E02A65E0067550D /* Info.plist */ = {isa = PBXFileReference; lastKnownFileType = text.plist.xml; path = Info.plist; sourceTree = "<group>"; };
		B2D54E9B1E02A65E0067550D /* HumburgerMenuUITests.xctest */ = {isa = PBXFileReference; explicitFileType = wrapper.cfbundle; includeInIndex = 0; path = HumburgerMenuUITests.xctest; sourceTree = BUILT_PRODUCTS_DIR; };
		B2D54E9F1E02A65E0067550D /* HumburgerMenuUITests.m */ = {isa = PBXFileReference; lastKnownFileType = sourcecode.c.objc; path = HumburgerMenuUITests.m; sourceTree = "<group>"; };
		B2D54EA11E02A65E0067550D /* Info.plist */ = {isa = PBXFileReference; lastKnownFileType = text.plist.xml; path = Info.plist; sourceTree = "<group>"; };
		B2D54EAE1E02A6870067550D /* SWRevealViewController.h */ = {isa = PBXFileReference; fileEncoding = 4; lastKnownFileType = sourcecode.c.h; path = SWRevealViewController.h; sourceTree = "<group>"; };
		B2D54EAF1E02A6870067550D /* SWRevealViewController.m */ = {isa = PBXFileReference; fileEncoding = 4; lastKnownFileType = sourcecode.c.objc; path = SWRevealViewController.m; sourceTree = "<group>"; };
		B2D54EB11E02A8FE0067550D /* DashboardViewController.h */ = {isa = PBXFileReference; fileEncoding = 4; lastKnownFileType = sourcecode.c.h; name = DashboardViewController.h; path = HumburgerMenu/DashboardViewController.h; sourceTree = SOURCE_ROOT; };
		B2D54EB21E02A8FE0067550D /* DashboardViewController.m */ = {isa = PBXFileReference; fileEncoding = 4; lastKnownFileType = sourcecode.c.objc; name = DashboardViewController.m; path = HumburgerMenu/DashboardViewController.m; sourceTree = SOURCE_ROOT; };
		B2D54EB41E02AAEF0067550D /* ProfileViewController.h */ = {isa = PBXFileReference; fileEncoding = 4; lastKnownFileType = sourcecode.c.h; name = ProfileViewController.h; path = HumburgerMenu/ProfileViewController.h; sourceTree = "<group>"; };
		B2D54EB51E02AAEF0067550D /* ProfileViewController.m */ = {isa = PBXFileReference; fileEncoding = 4; lastKnownFileType = sourcecode.c.objc; name = ProfileViewController.m; path = HumburgerMenu/ProfileViewController.m; sourceTree = "<group>"; };
/* End PBXFileReference section */

/* Begin PBXFrameworksBuildPhase section */
		B2D54E711E02A65E0067550D /* Frameworks */ = {
			isa = PBXFrameworksBuildPhase;
			buildActionMask = 2147483647;
			files = (
			);
			runOnlyForDeploymentPostprocessing = 0;
		};
		B2D54E8D1E02A65E0067550D /* Frameworks */ = {
			isa = PBXFrameworksBuildPhase;
			buildActionMask = 2147483647;
			files = (
			);
			runOnlyForDeploymentPostprocessing = 0;
		};
		B2D54E981E02A65E0067550D /* Frameworks */ = {
			isa = PBXFrameworksBuildPhase;
			buildActionMask = 2147483647;
			files = (
			);
			runOnlyForDeploymentPostprocessing = 0;
		};
/* End PBXFrameworksBuildPhase section */

/* Begin PBXGroup section */
		B2D54E6B1E02A65E0067550D = {
			isa = PBXGroup;
			children = (
				B2D54EB41E02AAEF0067550D /* ProfileViewController.h */,
				B2D54EB51E02AAEF0067550D /* ProfileViewController.m */,
				B2D54E761E02A65E0067550D /* HumburgerMenu */,
				B2D54E931E02A65E0067550D /* HumburgerMenuTests */,
				B2D54E9E1E02A65E0067550D /* HumburgerMenuUITests */,
				B2D54E751E02A65E0067550D /* Products */,
				B2D54EAD1E02A6870067550D /* SWRevealViewController */,
			);
			sourceTree = "<group>";
		};
		B2D54E751E02A65E0067550D /* Products */ = {
			isa = PBXGroup;
			children = (
				B2D54E741E02A65E0067550D /* HumburgerMenu.app */,
				B2D54E901E02A65E0067550D /* HumburgerMenuTests.xctest */,
				B2D54E9B1E02A65E0067550D /* HumburgerMenuUITests.xctest */,
			);
			name = Products;
			sourceTree = "<group>";
		};
		B2D54E761E02A65E0067550D /* HumburgerMenu */ = {
			isa = PBXGroup;
			children = (
				B2D54E7A1E02A65E0067550D /* AppDelegate.h */,
				B2D54E7B1E02A65E0067550D /* AppDelegate.m */,
				B2D54E7D1E02A65E0067550D /* ViewController.h */,
				B2D54E7E1E02A65E0067550D /* ViewController.m */,
				B2D54E801E02A65E0067550D /* Main.storyboard */,
				B2D54E861E02A65E0067550D /* Assets.xcassets */,
				B2D54E881E02A65E0067550D /* LaunchScreen.storyboard */,
				B2D54E8B1E02A65E0067550D /* Info.plist */,
				B2D54E831E02A65E0067550D /* HumburgerMenu.xcdatamodeld */,
				B2D54E771E02A65E0067550D /* Supporting Files */,
			);
			path = HumburgerMenu;
			sourceTree = "<group>";
		};
		B2D54E771E02A65E0067550D /* Supporting Files */ = {
			isa = PBXGroup;
			children = (
				B2D54E781E02A65E0067550D /* main.m */,
			);
			name = "Supporting Files";
			sourceTree = "<group>";
		};
		B2D54E931E02A65E0067550D /* HumburgerMenuTests */ = {
			isa = PBXGroup;
			children = (
				B2D54E941E02A65E0067550D /* HumburgerMenuTests.m */,
				B2D54E961E02A65E0067550D /* Info.plist */,
			);
			path = HumburgerMenuTests;
			sourceTree = "<group>";
		};
		B2D54E9E1E02A65E0067550D /* HumburgerMenuUITests */ = {
			isa = PBXGroup;
			children = (
				B2D54E9F1E02A65E0067550D /* HumburgerMenuUITests.m */,
				B2D54EA11E02A65E0067550D /* Info.plist */,
			);
			path = HumburgerMenuUITests;
			sourceTree = "<group>";
		};
		B2D54EAD1E02A6870067550D /* SWRevealViewController */ = {
			isa = PBXGroup;
			children = (
				B2D54EAE1E02A6870067550D /* SWRevealViewController.h */,
				B2D54EAF1E02A6870067550D /* SWRevealViewController.m */,
				B2D54EB11E02A8FE0067550D /* DashboardViewController.h */,
				B2D54EB21E02A8FE0067550D /* DashboardViewController.m */,
			);
			path = SWRevealViewController;
			sourceTree = "<group>";
		};
/* End PBXGroup section */

/* Begin PBXNativeTarget section */
		B2D54E731E02A65E0067550D /* HumburgerMenu */ = {
			isa = PBXNativeTarget;
			buildConfigurationList = B2D54EA41E02A65E0067550D /* Build configuration list for PBXNativeTarget "HumburgerMenu" */;
			buildPhases = (
				B2D54E701E02A65E0067550D /* Sources */,
				B2D54E711E02A65E0067550D /* Frameworks */,
				B2D54E721E02A65E0067550D /* Resources */,
			);
			buildRules = (
			);
			dependencies = (
			);
			name = HumburgerMenu;
			productName = HumburgerMenu;
			productReference = B2D54E741E02A65E0067550D /* HumburgerMenu.app */;
			productType = "com.apple.product-type.application";
		};
		B2D54E8F1E02A65E0067550D /* HumburgerMenuTests */ = {
			isa = PBXNativeTarget;
			buildConfigurationList = B2D54EA71E02A65E0067550D /* Build configuration list for PBXNativeTarget "HumburgerMenuTests" */;
			buildPhases = (
				B2D54E8C1E02A65E0067550D /* Sources */,
				B2D54E8D1E02A65E0067550D /* Frameworks */,
				B2D54E8E1E02A65E0067550D /* Resources */,
			);
			buildRules = (
			);
			dependencies = (
				B2D54E921E02A65E0067550D /* PBXTargetDependency */,
			);
			name = HumburgerMenuTests;
			productName = HumburgerMenuTests;
			productReference = B2D54E901E02A65E0067550D /* HumburgerMenuTests.xctest */;
			productType = "com.apple.product-type.bundle.unit-test";
		};
		B2D54E9A1E02A65E0067550D /* HumburgerMenuUITests */ = {
			isa = PBXNativeTarget;
			buildConfigurationList = B2D54EAA1E02A65E0067550D /* Build configuration list for PBXNativeTarget "HumburgerMenuUITests" */;
			buildPhases = (
				B2D54E971E02A65E0067550D /* Sources */,
				B2D54E981E02A65E0067550D /* Frameworks */,
				B2D54E991E02A65E0067550D /* Resources */,
			);
			buildRules = (
			);
			dependencies = (
				B2D54E9D1E02A65E0067550D /* PBXTargetDependency */,
			);
			name = HumburgerMenuUITests;
			productName = HumburgerMenuUITests;
			productReference = B2D54E9B1E02A65E0067550D /* HumburgerMenuUITests.xctest */;
			productType = "com.apple.product-type.bundle.ui-testing";
		};
/* End PBXNativeTarget section */

/* Begin PBXProject section */
		B2D54E6C1E02A65E0067550D /* Project object */ = {
			isa = PBXProject;
			attributes = {
				LastUpgradeCheck = 0800;
				ORGANIZATIONNAME = dev;
				TargetAttributes = {
					B2D54E731E02A65E0067550D = {
						CreatedOnToolsVersion = 8.0;
						DevelopmentTeam = 3QUCRBS8A9;
						ProvisioningStyle = Automatic;
					};
					B2D54E8F1E02A65E0067550D = {
						CreatedOnToolsVersion = 8.0;
						DevelopmentTeam = 3QUCRBS8A9;
						ProvisioningStyle = Automatic;
						TestTargetID = B2D54E731E02A65E0067550D;
					};
					B2D54E9A1E02A65E0067550D = {
						CreatedOnToolsVersion = 8.0;
						DevelopmentTeam = 3QUCRBS8A9;
						ProvisioningStyle = Automatic;
						TestTargetID = B2D54E731E02A65E0067550D;
					};
				};
			};
			buildConfigurationList = B2D54E6F1E02A65E0067550D /* Build configuration list for PBXProject "HumburgerMenu" */;
			compatibilityVersion = "Xcode 3.2";
			developmentRegion = English;
			hasScannedForEncodings = 0;
			knownRegions = (
				en,
				Base,
			);
			mainGroup = B2D54E6B1E02A65E0067550D;
			productRefGroup = B2D54E751E02A65E0067550D /* Products */;
			projectDirPath = "";
			projectRoot = "";
			targets = (
				B2D54E731E02A65E0067550D /* HumburgerMenu */,
				B2D54E8F1E02A65E0067550D /* HumburgerMenuTests */,
				B2D54E9A1E02A65E0067550D /* HumburgerMenuUITests */,
			);
		};
/* End PBXProject section */

/* Begin PBXResourcesBuildPhase section */
		B2D54E721E02A65E0067550D /* Resources */ = {
			isa = PBXResourcesBuildPhase;
			buildActionMask = 2147483647;
			files = (
				B2D54E8A1E02A65E0067550D /* LaunchScreen.storyboard in Resources */,
				B2D54E871E02A65E0067550D /* Assets.xcassets in Resources */,
				B2D54E821E02A65E0067550D /* Main.storyboard in Resources */,
			);
			runOnlyForDeploymentPostprocessing = 0;
		};
		B2D54E8E1E02A65E0067550D /* Resources */ = {
			isa = PBXResourcesBuildPhase;
			buildActionMask = 2147483647;
			files = (
			);
			runOnlyForDeploymentPostprocessing = 0;
		};
		B2D54E991E02A65E0067550D /* Resources */ = {
			isa = PBXResourcesBuildPhase;
			buildActionMask = 2147483647;
			files = (
			);
			runOnlyForDeploymentPostprocessing = 0;
		};
/* End PBXResourcesBuildPhase section */

/* Begin PBXSourcesBuildPhase section */
		B2D54E701E02A65E0067550D /* Sources */ = {
			isa = PBXSourcesBuildPhase;
			buildActionMask = 2147483647;
			files = (
				B2D54E851E02A65E0067550D /* HumburgerMenu.xcdatamodeld in Sources */,
				B2D54EB31E02A8FE0067550D /* DashboardViewController.m in Sources */,
				B2D54E7F1E02A65E0067550D /* ViewController.m in Sources */,
				B2D54EB01E02A6870067550D /* SWRevealViewController.m in Sources */,
				B2D54EB61E02AAEF0067550D /* ProfileViewController.m in Sources */,
				B2D54E7C1E02A65E0067550D /* AppDelegate.m in Sources */,
				B2D54E791E02A65E0067550D /* main.m in Sources */,
			);
			runOnlyForDeploymentPostprocessing = 0;
		};
		B2D54E8C1E02A65E0067550D /* Sources */ = {
			isa = PBXSourcesBuildPhase;
			buildActionMask = 2147483647;
			files = (
				B2D54E951E02A65E0067550D /* HumburgerMenuTests.m in Sources */,
			);
			runOnlyForDeploymentPostprocessing = 0;
		};
		B2D54E971E02A65E0067550D /* Sources */ = {
			isa = PBXSourcesBuildPhase;
			buildActionMask = 2147483647;
			files = (
				B2D54EA01E02A65E0067550D /* HumburgerMenuUITests.m in Sources */,
			);
			runOnlyForDeploymentPostprocessing = 0;
		};
/* End PBXSourcesBuildPhase section */

/* Begin PBXTargetDependency section */
		B2D54E921E02A65E0067550D /* PBXTargetDependency */ = {
			isa = PBXTargetDependency;
			target = B2D54E731E02A65E0067550D /* HumburgerMenu */;
			targetProxy = B2D54E911E02A65E0067550D /* PBXContainerItemProxy */;
		};
		B2D54E9D1E02A65E0067550D /* PBXTargetDependency */ = {
			isa = PBXTargetDependency;
			target = B2D54E731E02A65E0067550D /* HumburgerMenu */;
			targetProxy = B2D54E9C1E02A65E0067550D /* PBXContainerItemProxy */;
		};
/* End PBXTargetDependency section */

/* Begin PBXVariantGroup section */
		B2D54E801E02A65E0067550D /* Main.storyboard */ = {
			isa = PBXVariantGroup;
			children = (
				B2D54E811E02A65E0067550D /* Base */,
			);
			name = Main.storyboard;
			sourceTree = "<group>";
		};
		B2D54E881E02A65E0067550D /* LaunchScreen.storyboard */ = {
			isa = PBXVariantGroup;
			children = (
				B2D54E891E02A65E0067550D /* Base */,
			);
			name = LaunchScreen.storyboard;
			sourceTree = "<group>";
		};
/* End PBXVariantGroup section */

/* Begin XCBuildConfiguration section */
		B2D54EA21E02A65E0067550D /* Debug */ = {
			isa = XCBuildConfiguration;
			buildSettings = {
				ALWAYS_SEARCH_USER_PATHS = NO;
				CLANG_ANALYZER_NONNULL = YES;
				CLANG_CXX_LANGUAGE_STANDARD = "gnu++0x";
				CLANG_CXX_LIBRARY = "libc++";
				CLANG_ENABLE_MODULES = YES;
				CLANG_ENABLE_OBJC_ARC = YES;
				CLANG_WARN_BOOL_CONVERSION = YES;
				CLANG_WARN_CONSTANT_CONVERSION = YES;
				CLANG_WARN_DIRECT_OBJC_ISA_USAGE = YES_ERROR;
				CLANG_WARN_DOCUMENTATION_COMMENTS = YES;
				CLANG_WARN_EMPTY_BODY = YES;
				CLANG_WARN_ENUM_CONVERSION = YES;
				CLANG_WARN_INFINITE_RECURSION = YES;
				CLANG_WARN_INT_CONVERSION = YES;
				CLANG_WARN_OBJC_ROOT_CLASS = YES_ERROR;
				CLANG_WARN_SUSPICIOUS_MOVES = YES;
				CLANG_WARN_UNREACHABLE_CODE = YES;
				CLANG_WARN__DUPLICATE_METHOD_MATCH = YES;
				"CODE_SIGN_IDENTITY[sdk=iphoneos*]" = "iPhone Developer";
				COPY_PHASE_STRIP = NO;
				DEBUG_INFORMATION_FORMAT = dwarf;
				ENABLE_STRICT_OBJC_MSGSEND = YES;
				ENABLE_TESTABILITY = YES;
				GCC_C_LANGUAGE_STANDARD = gnu99;
				GCC_DYNAMIC_NO_PIC = NO;
				GCC_NO_COMMON_BLOCKS = YES;
				GCC_OPTIMIZATION_LEVEL = 0;
				GCC_PREPROCESSOR_DEFINITIONS = (
					"DEBUG=1",
					"$(inherited)",
				);
				GCC_WARN_64_TO_32_BIT_CONVERSION = YES;
				GCC_WARN_ABOUT_RETURN_TYPE = YES_ERROR;
				GCC_WARN_UNDECLARED_SELECTOR = YES;
				GCC_WARN_UNINITIALIZED_AUTOS = YES_AGGRESSIVE;
				GCC_WARN_UNUSED_FUNCTION = YES;
				GCC_WARN_UNUSED_VARIABLE = YES;
				IPHONEOS_DEPLOYMENT_TARGET = 10.0;
				MTL_ENABLE_DEBUG_INFO = YES;
				ONLY_ACTIVE_ARCH = YES;
				SDKROOT = iphoneos;
			};
			name = Debug;
		};
		B2D54EA31E02A65E0067550D /* Release */ = {
			isa = XCBuildConfiguration;
			buildSettings = {
				ALWAYS_SEARCH_USER_PATHS = NO;
				CLANG_ANALYZER_NONNULL = YES;
				CLANG_CXX_LANGUAGE_STANDARD = "gnu++0x";
				CLANG_CXX_LIBRARY = "libc++";
				CLANG_ENABLE_MODULES = YES;
				CLANG_ENABLE_OBJC_ARC = YES;
				CLANG_WARN_BOOL_CONVERSION = YES;
				CLANG_WARN_CONSTANT_CONVERSION = YES;
				CLANG_WARN_DIRECT_OBJC_ISA_USAGE = YES_ERROR;
				CLANG_WARN_DOCUMENTATION_COMMENTS = YES;
				CLANG_WARN_EMPTY_BODY = YES;
				CLANG_WARN_ENUM_CONVERSION = YES;
				CLANG_WARN_INFINITE_RECURSION = YES;
				CLANG_WARN_INT_CONVERSION = YES;
				CLANG_WARN_OBJC_ROOT_CLASS = YES_ERROR;
				CLANG_WARN_SUSPICIOUS_MOVES = YES;
				CLANG_WARN_UNREACHABLE_CODE = YES;
				CLANG_WARN__DUPLICATE_METHOD_MATCH = YES;
				"CODE_SIGN_IDENTITY[sdk=iphoneos*]" = "iPhone Developer";
				COPY_PHASE_STRIP = NO;
				DEBUG_INFORMATION_FORMAT = "dwarf-with-dsym";
				ENABLE_NS_ASSERTIONS = NO;
				ENABLE_STRICT_OBJC_MSGSEND = YES;
				GCC_C_LANGUAGE_STANDARD = gnu99;
				GCC_NO_COMMON_BLOCKS = YES;
				GCC_WARN_64_TO_32_BIT_CONVERSION = YES;
				GCC_WARN_ABOUT_RETURN_TYPE = YES_ERROR;
				GCC_WARN_UNDECLARED_SELECTOR = YES;
				GCC_WARN_UNINITIALIZED_AUTOS = YES_AGGRESSIVE;
				GCC_WARN_UNUSED_FUNCTION = YES;
				GCC_WARN_UNUSED_VARIABLE = YES;
				IPHONEOS_DEPLOYMENT_TARGET = 10.0;
				MTL_ENABLE_DEBUG_INFO = NO;
				SDKROOT = iphoneos;
				VALIDATE_PRODUCT = YES;
			};
			name = Release;
		};
		B2D54EA51E02A65E0067550D /* Debug */ = {
			isa = XCBuildConfiguration;
			buildSettings = {
				ASSETCATALOG_COMPILER_APPICON_NAME = AppIcon;
				DEVELOPMENT_TEAM = 3QUCRBS8A9;
				INFOPLIST_FILE = HumburgerMenu/Info.plist;
				LD_RUNPATH_SEARCH_PATHS = "$(inherited) @executable_path/Frameworks";
				PRODUCT_BUNDLE_IDENTIFIER = com.loginworks.HumburgerMenu;
				PRODUCT_NAME = "$(TARGET_NAME)";
			};
			name = Debug;
		};
		B2D54EA61E02A65E0067550D /* Release */ = {
			isa = XCBuildConfiguration;
			buildSettings = {
				ASSETCATALOG_COMPILER_APPICON_NAME = AppIcon;
				DEVELOPMENT_TEAM = 3QUCRBS8A9;
				INFOPLIST_FILE = HumburgerMenu/Info.plist;
				LD_RUNPATH_SEARCH_PATHS = "$(inherited) @executable_path/Frameworks";
				PRODUCT_BUNDLE_IDENTIFIER = com.loginworks.HumburgerMenu;
				PRODUCT_NAME = "$(TARGET_NAME)";
			};
			name = Release;
		};
		B2D54EA81E02A65E0067550D /* Debug */ = {
			isa = XCBuildConfiguration;
			buildSettings = {
				BUNDLE_LOADER = "$(TEST_HOST)";
				DEVELOPMENT_TEAM = 3QUCRBS8A9;
				INFOPLIST_FILE = HumburgerMenuTests/Info.plist;
				LD_RUNPATH_SEARCH_PATHS = "$(inherited) @executable_path/Frameworks @loader_path/Frameworks";
				PRODUCT_BUNDLE_IDENTIFIER = com.loginworks.HumburgerMenuTests;
				PRODUCT_NAME = "$(TARGET_NAME)";
				TEST_HOST = "$(BUILT_PRODUCTS_DIR)/HumburgerMenu.app/HumburgerMenu";
			};
			name = Debug;
		};
		B2D54EA91E02A65E0067550D /* Release */ = {
			isa = XCBuildConfiguration;
			buildSettings = {
				BUNDLE_LOADER = "$(TEST_HOST)";
				DEVELOPMENT_TEAM = 3QUCRBS8A9;
				INFOPLIST_FILE = HumburgerMenuTests/Info.plist;
				LD_RUNPATH_SEARCH_PATHS = "$(inherited) @executable_path/Frameworks @loader_path/Frameworks";
				PRODUCT_BUNDLE_IDENTIFIER = com.loginworks.HumburgerMenuTests;
				PRODUCT_NAME = "$(TARGET_NAME)";
				TEST_HOST = "$(BUILT_PRODUCTS_DIR)/HumburgerMenu.app/HumburgerMenu";
			};
			name = Release;
		};
		B2D54EAB1E02A65E0067550D /* Debug */ = {
			isa = XCBuildConfiguration;
			buildSettings = {
				DEVELOPMENT_TEAM = 3QUCRBS8A9;
				INFOPLIST_FILE = HumburgerMenuUITests/Info.plist;
				LD_RUNPATH_SEARCH_PATHS = "$(inherited) @executable_path/Frameworks @loader_path/Frameworks";
				PRODUCT_BUNDLE_IDENTIFIER = com.loginworks.HumburgerMenuUITests;
				PRODUCT_NAME = "$(TARGET_NAME)";
				TEST_TARGET_NAME = HumburgerMenu;
			};
			name = Debug;
		};
		B2D54EAC1E02A65E0067550D /* Release */ = {
			isa = XCBuildConfiguration;
			buildSettings = {
				DEVELOPMENT_TEAM = 3QUCRBS8A9;
				INFOPLIST_FILE = HumburgerMenuUITests/Info.plist;
				LD_RUNPATH_SEARCH_PATHS = "$(inherited) @executable_path/Frameworks @loader_path/Frameworks";
				PRODUCT_BUNDLE_IDENTIFIER = com.loginworks.HumburgerMenuUITests;
				PRODUCT_NAME = "$(TARGET_NAME)";
				TEST_TARGET_NAME = HumburgerMenu;
			};
			name = Release;
		};
/* End XCBuildConfiguration section */

/* Begin XCConfigurationList section */
		B2D54E6F1E02A65E0067550D /* Build configuration list for PBXProject "HumburgerMenu" */ = {
			isa = XCConfigurationList;
			buildConfigurations = (
				B2D54EA21E02A65E0067550D /* Debug */,
				B2D54EA31E02A65E0067550D /* Release */,
			);
			defaultConfigurationIsVisible = 0;
			defaultConfigurationName = Release;
		};
		B2D54EA41E02A65E0067550D /* Build configuration list for PBXNativeTarget "HumburgerMenu" */ = {
			isa = XCConfigurationList;
			buildConfigurations = (
				B2D54EA51E02A65E0067550D /* Debug */,
				B2D54EA61E02A65E0067550D /* Release */,
			);
			defaultConfigurationIsVisible = 0;
		};
		B2D54EA71E02A65E0067550D /* Build configuration list for PBXNativeTarget "HumburgerMenuTests" */ = {
			isa = XCConfigurationList;
			buildConfigurations = (
				B2D54EA81E02A65E0067550D /* Debug */,
				B2D54EA91E02A65E0067550D /* Release */,
			);
			defaultConfigurationIsVisible = 0;
		};
		B2D54EAA1E02A65E0067550D /* Build configuration list for PBXNativeTarget "HumburgerMenuUITests" */ = {
			isa = XCConfigurationList;
			buildConfigurations = (
				B2D54EAB1E02A65E0067550D /* Debug */,
				B2D54EAC1E02A65E0067550D /* Release */,
			);
			defaultConfigurationIsVisible = 0;
		};
/* End XCConfigurationList section */

/* Begin XCVersionGroup section */
		B2D54E831E02A65E0067550D /* HumburgerMenu.xcdatamodeld */ = {
			isa = XCVersionGroup;
			children = (
				B2D54E841E02A65E0067550D /* HumburgerMenu.xcdatamodel */,
			);
			currentVersion = B2D54E841E02A65E0067550D /* HumburgerMenu.xcdatamodel */;
			path = HumburgerMenu.xcdatamodeld;
			sourceTree = "<group>";
			versionGroupType = wrapper.xcdatamodel;
		};
/* End XCVersionGroup section */
	};
	rootObject = B2D54E6C1E02A65E0067550D /* Project object */;
}
